<?xml version="1.0" encoding="utf-8"?>
<Project ToolsVersion="18.0" xmlns="http://schemas.microsoft.com/developer/msbuild/2003">
  <ItemGroup>
    <ClCompile Include="D:\AegisRTC\tests\network_monitor_test.cpp">
      <Filter>Source Files</Filter>
    </ClCompile>
    <ClCompile Include="D:\AegisRTC\network\network_monitor.cpp">
      <Filter>Source Files</Filter>
    </ClCompile>
    <ClCompile Include="D:\AegisRTC\network\network_simulator.cpp">
      <Filter>Source Files</Filter>
    </ClCompile>
  </ItemGroup>
  <ItemGroup>
    <CustomBuild Include="D:\AegisRTC\CMakeLists.txt" />
  </ItemGroup>
  <ItemGroup>
    <Filter Include="Source Files">
      <UniqueIdentifier>{AF7E0164-0AC3-3DE5-8B84-B50307666508}</UniqueIdentifier>
    </Filter>
  </ItemGroup>
</Project>
