<?xml version="1.0" encoding="UTF-8"?>
<Solution>
	<Configurations>
		<BuildType Name="Debug"/>
		<BuildType Name="Release"/>
		<BuildType Name="MinSizeRel"/>
		<BuildType Name="RelWithDebInfo"/>
		<Platform Name="x64"/>
	</Configurations>
	<Project Path="ALL_BUILD.vcxproj" Type="8bc9ceb8-8b4a-11d0-8d11-00a0c91bc942" Id="3cc1fcb2-495e-322c-aaf4-336822eac743" DefaultStartup="true">
		<BuildDependency Project="ZERO_CHECK.vcxproj"/>
		<BuildDependency Project="aegis_adaptive_controller_test.vcxproj"/>
		<BuildDependency Project="aegis_ffmpeg_video_encoder_test.vcxproj"/>
		<BuildDependency Project="aegis_format_selector_test.vcxproj"/>
		<BuildDependency Project="aegis_frame_reassembler_test.vcxproj"/>
		<BuildDependency Project="aegis_nack_test.vcxproj"/>
		<BuildDependency Project="aegis_network_monitor_test.vcxproj"/>
		<BuildDependency Project="aegis_network_simulator_test.vcxproj"/>
		<BuildDependency Project="aegis_retransmission_cache_test.vcxproj"/>
		<BuildDependency Project="aegis_retransmission_e2e_test.vcxproj"/>
		<BuildDependency Project="aegis_rtc.vcxproj"/>
		<BuildDependency Project="aegis_video_encoder_factory_test.vcxproj"/>
		<BuildDependency Project="aegis_wire_protocol_test.vcxproj"/>
		<Build Solution="Debug|*" Project="false"/>
		<Build Solution="Release|*" Project="false"/>
		<Build Solution="MinSizeRel|*" Project="false"/>
		<Build Solution="RelWithDebInfo|*" Project="false"/>
	</Project>
	<Project Path="RUN_TESTS.vcxproj" Type="8bc9ceb8-8b4a-11d0-8d11-00a0c91bc942" Id="babf6f76-6c08-3afa-b879-0c4b16277afe">
		<BuildDependency Project="ZERO_CHECK.vcxproj"/>
		<Build Solution="Debug|*" Project="false"/>
		<Build Solution="Release|*" Project="false"/>
		<Build Solution="MinSizeRel|*" Project="false"/>
		<Build Solution="RelWithDebInfo|*" Project="false"/>
	</Project>
	<Project Path="ZERO_CHECK.vcxproj" Type="8bc9ceb8-8b4a-11d0-8d11-00a0c91bc942" Id="271fc264-8620-3c16-8c29-5ce6e402ffc3"/>
	<Project Path="aegis_adaptive_controller_test.vcxproj" Type="8bc9ceb8-8b4a-11d0-8d11-00a0c91bc942" Id="22f8e70a-5764-3dba-ad15-11bf6f46f3fa">
		<BuildDependency Project="ZERO_CHECK.vcxproj"/>
	</Project>
	<Project Path="aegis_ffmpeg_video_encoder_test.vcxproj" Type="8bc9ceb8-8b4a-11d0-8d11-00a0c91bc942" Id="7eece451-b614-3436-94fa-5208d8463cf0">
		<BuildDependency Project="ZERO_CHECK.vcxproj"/>
	</Project>
	<Project Path="aegis_format_selector_test.vcxproj" Type="8bc9ceb8-8b4a-11d0-8d11-00a0c91bc942" Id="cbc7c4c2-7e10-3df6-86e6-e4e183994b7b">
		<BuildDependency Project="ZERO_CHECK.vcxproj"/>
	</Project>
	<Project Path="aegis_frame_reassembler_test.vcxproj" Type="8bc9ceb8-8b4a-11d0-8d11-00a0c91bc942" Id="85a9082f-8ed0-3683-ac35-0cfedc6f9155">
		<BuildDependency Project="ZERO_CHECK.vcxproj"/>
	</Project>
	<Project Path="aegis_nack_test.vcxproj" Type="8bc9ceb8-8b4a-11d0-8d11-00a0c91bc942" Id="7f646d79-32a7-30ae-887c-76dd4294ee02">
		<BuildDependency Project="ZERO_CHECK.vcxproj"/>
	</Project>
	<Project Path="aegis_network_monitor_test.vcxproj" Type="8bc9ceb8-8b4a-11d0-8d11-00a0c91bc942" Id="21d84ca6-5516-31ad-9c1b-4ae51d38cadf">
		<BuildDependency Project="ZERO_CHECK.vcxproj"/>
	</Project>
	<Project Path="aegis_network_simulator_test.vcxproj" Type="8bc9ceb8-8b4a-11d0-8d11-00a0c91bc942" Id="3de47433-a85f-3c12-919e-ee5fc9b9e3c5">
		<BuildDependency Project="ZERO_CHECK.vcxproj"/>
	</Project>
	<Project Path="aegis_retransmission_cache_test.vcxproj" Type="8bc9ceb8-8b4a-11d0-8d11-00a0c91bc942" Id="e8cf3463-20f9-36b4-8cc4-180ec8b2adb3">
		<BuildDependency Project="ZERO_CHECK.vcxproj"/>
	</Project>
	<Project Path="aegis_retransmission_e2e_test.vcxproj" Type="8bc9ceb8-8b4a-11d0-8d11-00a0c91bc942" Id="b60849ed-b7f4-3d41-8d08-72b1d0167b72">
		<BuildDependency Project="ZERO_CHECK.vcxproj"/>
	</Project>
	<Project Path="aegis_rtc.vcxproj" Type="8bc9ceb8-8b4a-11d0-8d11-00a0c91bc942" Id="aefa784e-bcf4-3523-ab43-ac19ef566812">
		<BuildDependency Project="ZERO_CHECK.vcxproj"/>
	</Project>
	<Project Path="aegis_video_encoder_factory_test.vcxproj" Type="8bc9ceb8-8b4a-11d0-8d11-00a0c91bc942" Id="5f36b44c-d3c6-3bdd-bbf8-cf15333f7fad">
		<BuildDependency Project="ZERO_CHECK.vcxproj"/>
	</Project>
	<Project Path="aegis_wire_protocol_test.vcxproj" Type="8bc9ceb8-8b4a-11d0-8d11-00a0c91bc942" Id="f3da87a8-b0cf-3584-8a86-b2cc8bbb7069">
		<BuildDependency Project="ZERO_CHECK.vcxproj"/>
	</Project>
</Solution>
