<?xml version="1.0" encoding="utf-8"?>
<Project ToolsVersion="18.0" xmlns="http://schemas.microsoft.com/developer/msbuild/2003">
  <ItemGroup>
    <CustomBuild Include="D:\AegisRTC\build-msvc\CMakeFiles\0830e39f98d8858413caa8785c439bbd\RUN_TESTS_force.rule">
      <Filter>CMake Rules</Filter>
    </CustomBuild>
  </ItemGroup>
  <ItemGroup>
    <Filter Include="CMake Rules">
      <UniqueIdentifier>{0534FD49-6182-363A-B547-A45A9A923C85}</UniqueIdentifier>
    </Filter>
  </ItemGroup>
</Project>
